// !$*UTF8*$!
{
	archiveVersion = 1;
	classes = {
	};
	objectVersion = 56;
	objects = {

/* Begin PBXBuildFile section */
		0164D5272A40A46300B67C3D /* TimeSeries.swift in Sources */ = {isa = PBXBuildFile; fileRef = 0164D5262A40A46300B67C3D /* TimeSeries.swift */; };
		0164D5292A40A54B00B67C3D /* SeriesData.swift in Sources */ = {isa = PBXBuildFile; fileRef = 0164D5282A40A54B00B67C3D /* SeriesData.swift */; };
		0164D52C2A40A70400B67C3D /* DictionaryWrapper.swift in Sources */ = {isa = PBXBuildFile; fileRef = 0164D52B2A40A70400B67C3D /* DictionaryWrapper.swift */; };
		2CF153362A4028AC001129C6 /* CodableDictApp.swift in Sources */ = {isa = PBXBuildFile; fileRef = 2CF153352A4028AC001129C6 /* CodableDictApp.swift */; };
		2CF153382A4028AC001129C6 /* ContentView.swift in Sources */ = {isa = PBXBuildFile; fileRef = 2CF153372A4028AC001129C6 /* ContentView.swift */; };
		2CF1533A2A4028AD001129C6 /* Assets.xcassets in Resources */ = {isa = PBXBuildFile; fileRef = 2CF153392A4028AD001129C6 /* Assets.xcassets */; };
		2CF1533D2A4028AD001129C6 /* Preview Assets.xcassets in Resources */ = {isa = PBXBuildFile; fileRef = 2CF1533C2A4028AD001129C6 /* Preview Assets.xcassets */; };
		2CF153462A402CFB001129C6 /* GlobalQuote.swift in Sources */ = {isa = PBXBuildFile; fileRef = 2CF153452A402CFB001129C6 /* GlobalQuote.swift */; };
		2CF153482A402E74001129C6 /* DecodingService.swift in Sources */ = {isa = PBXBuildFile; fileRef = 2CF153472A402E74001129C6 /* DecodingService.swift */; };
		2CF1534C2A405150001129C6 /* GlobalQuoteNestedJson.swift in Sources */ = {isa = PBXBuildFile; fileRef = 2CF1534B2A405150001129C6 /* GlobalQuoteNestedJson.swift */; };
/* End PBXBuildFile section */

/* Begin PBXFileReference section */
		0164D5262A40A46300B67C3D /* TimeSeries.swift */ = {isa = PBXFileReference; lastKnownFileType = sourcecode.swift; path = TimeSeries.swift; sourceTree = "<group>"; };
		0164D5282A40A54B00B67C3D /* SeriesData.swift */ = {isa = PBXFileReference; lastKnownFileType = sourcecode.swift; path = SeriesData.swift; sourceTree = "<group>"; };
		0164D52B2A40A70400B67C3D /* DictionaryWrapper.swift */ = {isa = PBXFileReference; lastKnownFileType = sourcecode.swift; path = DictionaryWrapper.swift; sourceTree = "<group>"; };
		2CF153322A4028AC001129C6 /* CodableDict.app */ = {isa = PBXFileReference; explicitFileType = wrapper.application; includeInIndex = 0; path = CodableDict.app; sourceTree = BUILT_PRODUCTS_DIR; };
		2CF153352A4028AC001129C6 /* CodableDictApp.swift */ = {isa = PBXFileReference; lastKnownFileType = sourcecode.swift; path = CodableDictApp.swift; sourceTree = "<group>"; };
		2CF153372A4028AC001129C6 /* ContentView.swift */ = {isa = PBXFileReference; lastKnownFileType = sourcecode.swift; path = ContentView.swift; sourceTree = "<group>"; };
		2CF153392A4028AD001129C6 /* Assets.xcassets */ = {isa = PBXFileReference; lastKnownFileType = folder.assetcatalog; path = Assets.xcassets; sourceTree = "<group>"; };
		2CF1533C2A4028AD001129C6 /* Preview Assets.xcassets */ = {isa = PBXFileReference; lastKnownFileType = folder.assetcatalog; path = "Preview Assets.xcassets"; sourceTree = "<group>"; };
		2CF153452A402CFB001129C6 /* GlobalQuote.swift */ = {isa = PBXFileReference; lastKnownFileType = sourcecode.swift; path = GlobalQuote.swift; sourceTree = "<group>"; };
		2CF153472A402E74001129C6 /* DecodingService.swift */ = {isa = PBXFileReference; lastKnownFileType = sourcecode.swift; path = DecodingService.swift; sourceTree = "<group>"; };
		2CF1534B2A405150001129C6 /* GlobalQuoteNestedJson.swift */ = {isa = PBXFileReference; lastKnownFileType = sourcecode.swift; path = GlobalQuoteNestedJson.swift; sourceTree = "<group>"; };
/* End PBXFileReference section */

/* Begin PBXFrameworksBuildPhase section */
		2CF1532F2A4028AC001129C6 /* Frameworks */ = {
			isa = PBXFrameworksBuildPhase;
			buildActionMask = 2147483647;
			files = (
			);
			runOnlyForDeploymentPostprocessing = 0;
		};
/* End PBXFrameworksBuildPhase section */

/* Begin PBXGroup section */
		0164D52A2A40A6EB00B67C3D /* Helpers */ = {
			isa = PBXGroup;
			children = (
				0164D52B2A40A70400B67C3D /* DictionaryWrapper.swift */,
			);
			path = Helpers;
			sourceTree = "<group>";
		};
		2CF153292A4028AC001129C6 = {
			isa = PBXGroup;
			children = (
				2CF153342A4028AC001129C6 /* CodableDict */,
				2CF153332A4028AC001129C6 /* Products */,
			);
			sourceTree = "<group>";
		};
		2CF153332A4028AC001129C6 /* Products */ = {
			isa = PBXGroup;
			children = (
				2CF153322A4028AC001129C6 /* CodableDict.app */,
			);
			name = Products;
			sourceTree = "<group>";
		};
		2CF153342A4028AC001129C6 /* CodableDict */ = {
			isa = PBXGroup;
			children = (
				2CF153352A4028AC001129C6 /* CodableDictApp.swift */,
				2CF153372A4028AC001129C6 /* ContentView.swift */,
				2CF153472A402E74001129C6 /* DecodingService.swift */,
				2CF1534A2A405131001129C6 /* Models */,
				2CF153492A402EC5001129C6 /* Data */,
				0164D52A2A40A6EB00B67C3D /* Helpers */,
				2CF153392A4028AD001129C6 /* Assets.xcassets */,
				2CF1533B2A4028AD001129C6 /* Preview Content */,
			);
			path = CodableDict;
			sourceTree = "<group>";
		};
		2CF1533B2A4028AD001129C6 /* Preview Content */ = {
			isa = PBXGroup;
			children = (
				2CF1533C2A4028AD001129C6 /* Preview Assets.xcassets */,
			);
			path = "Preview Content";
			sourceTree = "<group>";
		};
		2CF153492A402EC5001129C6 /* Data */ = {
			isa = PBXGroup;
			children = (
				2CF153452A402CFB001129C6 /* GlobalQuote.swift */,
				0164D5262A40A46300B67C3D /* TimeSeries.swift */,
			);
			path = Data;
			sourceTree = "<group>";
		};
		2CF1534A2A405131001129C6 /* Models */ = {
			isa = PBXGroup;
			children = (
				2CF1534B2A405150001129C6 /* GlobalQuoteNestedJson.swift */,
				0164D5282A40A54B00B67C3D /* SeriesData.swift */,
			);
			path = Models;
			sourceTree = "<group>";
		};
/* End PBXGroup section */

/* Begin PBXNativeTarget section */
		2CF153312A4028AC001129C6 /* CodableDict */ = {
			isa = PBXNativeTarget;
			buildConfigurationList = 2CF153402A4028AD001129C6 /* Build configuration list for PBXNativeTarget "CodableDict" */;
			buildPhases = (
				2CF1532E2A4028AC001129C6 /* Sources */,
				2CF1532F2A4028AC001129C6 /* Frameworks */,
				2CF153302A4028AC001129C6 /* Resources */,
			);
			buildRules = (
			);
			dependencies = (
			);
			name = CodableDict;
			productName = CodableDict;
			productReference = 2CF153322A4028AC001129C6 /* CodableDict.app */;
			productType = "com.apple.product-type.application";
		};
/* End PBXNativeTarget section */

/* Begin PBXProject section */
		2CF1532A2A4028AC001129C6 /* Project object */ = {
			isa = PBXProject;
			attributes = {
				BuildIndependentTargetsInParallel = 1;
				LastSwiftUpdateCheck = 1430;
				LastUpgradeCheck = 1430;
				TargetAttributes = {
					2CF153312A4028AC001129C6 = {
						CreatedOnToolsVersion = 14.3.1;
					};
				};
			};
			buildConfigurationList = 2CF1532D2A4028AC001129C6 /* Build configuration list for PBXProject "CodableDict" */;
			compatibilityVersion = "Xcode 14.0";
			developmentRegion = en;
			hasScannedForEncodings = 0;
			knownRegions = (
				en,
				Base,
			);
			mainGroup = 2CF153292A4028AC001129C6;
			productRefGroup = 2CF153332A4028AC001129C6 /* Products */;
			projectDirPath = "";
			projectRoot = "";
			targets = (
				2CF153312A4028AC001129C6 /* CodableDict */,
			);
		};
/* End PBXProject section */

/* Begin PBXResourcesBuildPhase section */
		2CF153302A4028AC001129C6 /* Resources */ = {
			isa = PBXResourcesBuildPhase;
			buildActionMask = 2147483647;
			files = (
				2CF1533D2A4028AD001129C6 /* Preview Assets.xcassets in Resources */,
				2CF1533A2A4028AD001129C6 /* Assets.xcassets in Resources */,
			);
			runOnlyForDeploymentPostprocessing = 0;
		};
/* End PBXResourcesBuildPhase section */

/* Begin PBXSourcesBuildPhase section */
		2CF1532E2A4028AC001129C6 /* Sources */ = {
			isa = PBXSourcesBuildPhase;
			buildActionMask = 2147483647;
			files = (
				2CF153382A4028AC001129C6 /* ContentView.swift in Sources */,
				0164D52C2A40A70400B67C3D /* DictionaryWrapper.swift in Sources */,
				0164D5272A40A46300B67C3D /* TimeSeries.swift in Sources */,
				2CF153362A4028AC001129C6 /* CodableDictApp.swift in Sources */,
				2CF153482A402E74001129C6 /* DecodingService.swift in Sources */,
				2CF1534C2A405150001129C6 /* GlobalQuoteNestedJson.swift in Sources */,
				0164D5292A40A54B00B67C3D /* SeriesData.swift in Sources */,
				2CF153462A402CFB001129C6 /* GlobalQuote.swift in Sources */,
			);
			runOnlyForDeploymentPostprocessing = 0;
		};
/* End PBXSourcesBuildPhase section */

/* Begin XCBuildConfiguration section */
		2CF1533E2A4028AD001129C6 /* Debug */ = {
			isa = XCBuildConfiguration;
			buildSettings = {
				ALWAYS_SEARCH_USER_PATHS = NO;
				CLANG_ANALYZER_NONNULL = YES;
				CLANG_ANALYZER_NUMBER_OBJECT_CONVERSION = YES_AGGRESSIVE;
				CLANG_CXX_LANGUAGE_STANDARD = "gnu++20";
				CLANG_ENABLE_MODULES = YES;
				CLANG_ENABLE_OBJC_ARC = YES;
				CLANG_ENABLE_OBJC_WEAK = YES;
				CLANG_WARN_BLOCK_CAPTURE_AUTORELEASING = YES;
				CLANG_WARN_BOOL_CONVERSION = YES;
				CLANG_WARN_COMMA = YES;
				CLANG_WARN_CONSTANT_CONVERSION = YES;
				CLANG_WARN_DEPRECATED_OBJC_IMPLEMENTATIONS = YES;
				CLANG_WARN_DIRECT_OBJC_ISA_USAGE = YES_ERROR;
				CLANG_WARN_DOCUMENTATION_COMMENTS = YES;
				CLANG_WARN_EMPTY_BODY = YES;
				CLANG_WARN_ENUM_CONVERSION = YES;
				CLANG_WARN_INFINITE_RECURSION = YES;
				CLANG_WARN_INT_CONVERSION = YES;
				CLANG_WARN_NON_LITERAL_NULL_CONVERSION = YES;
				CLANG_WARN_OBJC_IMPLICIT_RETAIN_SELF = YES;
				CLANG_WARN_OBJC_LITERAL_CONVERSION = YES;
				CLANG_WARN_OBJC_ROOT_CLASS = YES_ERROR;
				CLANG_WARN_QUOTED_INCLUDE_IN_FRAMEWORK_HEADER = YES;
				CLANG_WARN_RANGE_LOOP_ANALYSIS = YES;
				CLANG_WARN_STRICT_PROTOTYPES = YES;
				CLANG_WARN_SUSPICIOUS_MOVE = YES;
				CLANG_WARN_UNGUARDED_AVAILABILITY = YES_AGGRESSIVE;
				CLANG_WARN_UNREACHABLE_CODE = YES;
				CLANG_WARN__DUPLICATE_METHOD_MATCH = YES;
				COPY_PHASE_STRIP = NO;
				DEBUG_INFORMATION_FORMAT = dwarf;
				ENABLE_STRICT_OBJC_MSGSEND = YES;
				ENABLE_TESTABILITY = YES;
				GCC_C_LANGUAGE_STANDARD = gnu11;
				GCC_DYNAMIC_NO_PIC = NO;
				GCC_NO_COMMON_BLOCKS = YES;
				GCC_OPTIMIZATION_LEVEL = 0;
				GCC_PREPROCESSOR_DEFINITIONS = (
					"DEBUG=1",
					"$(inherited)",
				);
				GCC_WARN_64_TO_32_BIT_CONVERSION = YES;
				GCC_WARN_ABOUT_RETURN_TYPE = YES_ERROR;
				GCC_WARN_UNDECLARED_SELECTOR = YES;
				GCC_WARN_UNINITIALIZED_AUTOS = YES_AGGRESSIVE;
				GCC_WARN_UNUSED_FUNCTION = YES;
				GCC_WARN_UNUSED_VARIABLE = YES;
				IPHONEOS_DEPLOYMENT_TARGET = 16.4;
				MTL_ENABLE_DEBUG_INFO = INCLUDE_SOURCE;
				MTL_FAST_MATH = YES;
				ONLY_ACTIVE_ARCH = YES;
				SDKROOT = iphoneos;
				SWIFT_ACTIVE_COMPILATION_CONDITIONS = DEBUG;
				SWIFT_OPTIMIZATION_LEVEL = "-Onone";
			};
			name = Debug;
		};
		2CF1533F2A4028AD001129C6 /* Release */ = {
			isa = XCBuildConfiguration;
			buildSettings = {
				ALWAYS_SEARCH_USER_PATHS = NO;
				CLANG_ANALYZER_NONNULL = YES;
				CLANG_ANALYZER_NUMBER_OBJECT_CONVERSION = YES_AGGRESSIVE;
				CLANG_CXX_LANGUAGE_STANDARD = "gnu++20";
				CLANG_ENABLE_MODULES = YES;
				CLANG_ENABLE_OBJC_ARC = YES;
				CLANG_ENABLE_OBJC_WEAK = YES;
				CLANG_WARN_BLOCK_CAPTURE_AUTORELEASING = YES;
				CLANG_WARN_BOOL_CONVERSION = YES;
				CLANG_WARN_COMMA = YES;
				CLANG_WARN_CONSTANT_CONVERSION = YES;
				CLANG_WARN_DEPRECATED_OBJC_IMPLEMENTATIONS = YES;
				CLANG_WARN_DIRECT_OBJC_ISA_USAGE = YES_ERROR;
				CLANG_WARN_DOCUMENTATION_COMMENTS = YES;
				CLANG_WARN_EMPTY_BODY = YES;
				CLANG_WARN_ENUM_CONVERSION = YES;
				CLANG_WARN_INFINITE_RECURSION = YES;
				CLANG_WARN_INT_CONVERSION = YES;
				CLANG_WARN_NON_LITERAL_NULL_CONVERSION = YES;
				CLANG_WARN_OBJC_IMPLICIT_RETAIN_SELF = YES;
				CLANG_WARN_OBJC_LITERAL_CONVERSION = YES;
				CLANG_WARN_OBJC_ROOT_CLASS = YES_ERROR;
				CLANG_WARN_QUOTED_INCLUDE_IN_FRAMEWORK_HEADER = YES;
				CLANG_WARN_RANGE_LOOP_ANALYSIS = YES;
				CLANG_WARN_STRICT_PROTOTYPES = YES;
				CLANG_WARN_SUSPICIOUS_MOVE = YES;
				CLANG_WARN_UNGUARDED_AVAILABILITY = YES_AGGRESSIVE;
				CLANG_WARN_UNREACHABLE_CODE = YES;
				CLANG_WARN__DUPLICATE_METHOD_MATCH = YES;
				COPY_PHASE_STRIP = NO;
				DEBUG_INFORMATION_FORMAT = "dwarf-with-dsym";
				ENABLE_NS_ASSERTIONS = NO;
				ENABLE_STRICT_OBJC_MSGSEND = YES;
				GCC_C_LANGUAGE_STANDARD = gnu11;
				GCC_NO_COMMON_BLOCKS = YES;
				GCC_WARN_64_TO_32_BIT_CONVERSION = YES;
				GCC_WARN_ABOUT_RETURN_TYPE = YES_ERROR;
				GCC_WARN_UNDECLARED_SELECTOR = YES;
				GCC_WARN_UNINITIALIZED_AUTOS = YES_AGGRESSIVE;
				GCC_WARN_UNUSED_FUNCTION = YES;
				GCC_WARN_UNUSED_VARIABLE = YES;
				IPHONEOS_DEPLOYMENT_TARGET = 16.4;
				MTL_ENABLE_DEBUG_INFO = NO;
				MTL_FAST_MATH = YES;
				SDKROOT = iphoneos;
				SWIFT_COMPILATION_MODE = wholemodule;
				SWIFT_OPTIMIZATION_LEVEL = "-O";
				VALIDATE_PRODUCT = YES;
			};
			name = Release;
		};
		2CF153412A4028AD001129C6 /* Debug */ = {
			isa = XCBuildConfiguration;
			buildSettings = {
				ASSETCATALOG_COMPILER_APPICON_NAME = AppIcon;
				ASSETCATALOG_COMPILER_GLOBAL_ACCENT_COLOR_NAME = AccentColor;
				CODE_SIGN_STYLE = Automatic;
				CURRENT_PROJECT_VERSION = 1;
				DEVELOPMENT_ASSET_PATHS = "\"CodableDict/Preview Content\"";
				DEVELOPMENT_TEAM = 63H3XHC5X4;
				ENABLE_PREVIEWS = YES;
				GENERATE_INFOPLIST_FILE = YES;
				INFOPLIST_KEY_UIApplicationSceneManifest_Generation = YES;
				INFOPLIST_KEY_UIApplicationSupportsIndirectInputEvents = YES;
				INFOPLIST_KEY_UILaunchScreen_Generation = YES;
				INFOPLIST_KEY_UISupportedInterfaceOrientations_iPad = "UIInterfaceOrientationPortrait UIInterfaceOrientationPortraitUpsideDown UIInterfaceOrientationLandscapeLeft UIInterfaceOrientationLandscapeRight";
				INFOPLIST_KEY_UISupportedInterfaceOrientations_iPhone = "UIInterfaceOrientationPortrait UIInterfaceOrientationLandscapeLeft UIInterfaceOrientationLandscapeRight";
				LD_RUNPATH_SEARCH_PATHS = (
					"$(inherited)",
					"@executable_path/Frameworks",
				);
				MARKETING_VERSION = 1.0;
				PRODUCT_BUNDLE_IDENTIFIER = com.krisdasiangchaew.CodableDict;
				PRODUCT_NAME = "$(TARGET_NAME)";
				SWIFT_EMIT_LOC_STRINGS = YES;
				SWIFT_VERSION = 5.0;
				TARGETED_DEVICE_FAMILY = "1,2";
			};
			name = Debug;
		};
		2CF153422A4028AD001129C6 /* Release */ = {
			isa = XCBuildConfiguration;
			buildSettings = {
				ASSETCATALOG_COMPILER_APPICON_NAME = AppIcon;
				ASSETCATALOG_COMPILER_GLOBAL_ACCENT_COLOR_NAME = AccentColor;
				CODE_SIGN_STYLE = Automatic;
				CURRENT_PROJECT_VERSION = 1;
				DEVELOPMENT_ASSET_PATHS = "\"CodableDict/Preview Content\"";
				DEVELOPMENT_TEAM = 63H3XHC5X4;
				ENABLE_PREVIEWS = YES;
				GENERATE_INFOPLIST_FILE = YES;
				INFOPLIST_KEY_UIApplicationSceneManifest_Generation = YES;
				INFOPLIST_KEY_UIApplicationSupportsIndirectInputEvents = YES;
				INFOPLIST_KEY_UILaunchScreen_Generation = YES;
				INFOPLIST_KEY_UISupportedInterfaceOrientations_iPad = "UIInterfaceOrientationPortrait UIInterfaceOrientationPortraitUpsideDown UIInterfaceOrientationLandscapeLeft UIInterfaceOrientationLandscapeRight";
				INFOPLIST_KEY_UISupportedInterfaceOrientations_iPhone = "UIInterfaceOrientationPortrait UIInterfaceOrientationLandscapeLeft UIInterfaceOrientationLandscapeRight";
				LD_RUNPATH_SEARCH_PATHS = (
					"$(inherited)",
					"@executable_path/Frameworks",
				);
				MARKETING_VERSION = 1.0;
				PRODUCT_BUNDLE_IDENTIFIER = com.krisdasiangchaew.CodableDict;
				PRODUCT_NAME = "$(TARGET_NAME)";
				SWIFT_EMIT_LOC_STRINGS = YES;
				SWIFT_VERSION = 5.0;
				TARGETED_DEVICE_FAMILY = "1,2";
			};
			name = Release;
		};
/* End XCBuildConfiguration section */

/* Begin XCConfigurationList section */
		2CF1532D2A4028AC001129C6 /* Build configuration list for PBXProject "CodableDict" */ = {
			isa = XCConfigurationList;
			buildConfigurations = (
				2CF1533E2A4028AD001129C6 /* Debug */,
				2CF1533F2A4028AD001129C6 /* Release */,
			);
			defaultConfigurationIsVisible = 0;
			defaultConfigurationName = Release;
		};
		2CF153402A4028AD001129C6 /* Build configuration list for PBXNativeTarget "CodableDict" */ = {
			isa = XCConfigurationList;
			buildConfigurations = (
				2CF153412A4028AD001129C6 /* Debug */,
				2CF153422A4028AD001129C6 /* Release */,
			);
			defaultConfigurationIsVisible = 0;
			defaultConfigurationName = Release;
		};
/* End XCConfigurationList section */
	};
	rootObject = 2CF1532A2A4028AC001129C6 /* Project object */;
}
